
Microsoft Visual Studio Solution File, Format Version 12.00
# Visual Studio Version 17
VisualStudioVersion = 17.2.32602.215
MinimumVisualStudioVersion = 10.0.40219.1
Project("{FAE04EC0-301F-11D3-BF4B-00C04F79EFBC}") = "PinballGame", "PinballGame\PinballGame.csproj", "{535A2D08-171B-49C8-9A9A-7BCD2729D05A}"
EndProject
Global
	GlobalSection(SolutionConfigurationPlatforms) = preSolution
		Debug|Any CPU = Debug|Any CPU
		Release|Any CPU = Release|Any CPU
	EndGlobalSection
	GlobalSection(ProjectConfigurationPlatforms) = postSolution
		{535A2D08-171B-49C8-9A9A-7BCD2729D05A}.Debug|Any CPU.ActiveCfg = Debug|Any CPU
		{535A2D08-171B-49C8-9A9A-7BCD2729D05A}.Debug|Any CPU.Build.0 = Debug|Any CPU
		{535A2D08-171B-49C8-9A9A-7BCD2729D05A}.Release|Any CPU.ActiveCfg = Release|Any CPU
		{535A2D08-171B-49C8-9A9A-7BCD2729D05A}.Release|Any CPU.Build.0 = Release|Any CPU
	EndGlobalSection
	GlobalSection(SolutionProperties) = preSolution
		HideSolutionNode = FALSE
	EndGlobalSection
	GlobalSection(ExtensibilityGlobals) = postSolution
		SolutionGuid = {59113A5B-8AB3-4EA1-A91B-D3F13945A56C}
	EndGlobalSection
EndGlobal
